
Microsoft Visual Studio Solution File, Format Version 12.00
# Visual Studio 15
VisualStudioVersion = 15.0.28307.1340
MinimumVisualStudioVersion = 10.0.40219.1
Project("{FAE04EC0-301F-11D3-BF4B-00C04F79EFBC}") = "StoreFront.UI.MVC", "StoreFront.UI.MVC\StoreFront.UI.MVC.csproj", "{1B68E185-8B8C-4685-9BB6-E1B48E466DA3}"
EndProject
Project("{FAE04EC0-301F-11D3-BF4B-00C04F79EFBC}") = "Storefront.DATA.EF", "Storefront.DATA.EF\Storefront.DATA.EF.csproj", "{D8942AC1-F1DA-45F6-885E-083582E3C2B3}"
EndProject
Global
	GlobalSection(SolutionConfigurationPlatforms) = preSolution
		Debug|Any CPU = Debug|Any CPU
		Release|Any CPU = Release|Any CPU
	EndGlobalSection
	GlobalSection(ProjectConfigurationPlatforms) = postSolution
		{1B68E185-8B8C-4685-9BB6-E1B48E466DA3}.Debug|Any CPU.ActiveCfg = Debug|Any CPU
		{1B68E185-8B8C-4685-9BB6-E1B48E466DA3}.Debug|Any CPU.Build.0 = Debug|Any CPU
		{1B68E185-8B8C-4685-9BB6-E1B48E466DA3}.Release|Any CPU.ActiveCfg = Release|Any CPU
		{1B68E185-8B8C-4685-9BB6-E1B48E466DA3}.Release|Any CPU.Build.0 = Release|Any CPU
		{D8942AC1-F1DA-45F6-885E-083582E3C2B3}.Debug|Any CPU.ActiveCfg = Debug|Any CPU
		{D8942AC1-F1DA-45F6-885E-083582E3C2B3}.Debug|Any CPU.Build.0 = Debug|Any CPU
		{D8942AC1-F1DA-45F6-885E-083582E3C2B3}.Release|Any CPU.ActiveCfg = Release|Any CPU
		{D8942AC1-F1DA-45F6-885E-083582E3C2B3}.Release|Any CPU.Build.0 = Release|Any CPU
	EndGlobalSection
	GlobalSection(SolutionProperties) = preSolution
		HideSolutionNode = FALSE
	EndGlobalSection
	GlobalSection(ExtensibilityGlobals) = postSolution
		SolutionGuid = {D570F35A-72E5-4210-80ED-C6025D5B20E4}
	EndGlobalSection
EndGlobal
